github.com/aws/aws-sdk-go-v2 v1.42.0 h1:XvXMJTkFQtpBKIWZnmr9ZEOc2InWM2yldjXEJ/bymhA=
github.com/aws/aws-sdk-go-v2 v1.42.0/go.mod h1:27+ACypSLljLAEKsCYOmrjKh83vuTRkuAe9Uv/3A4bg=
github.com/aws/aws-sdk-go-v2/aws/protocol/eventstream v1.7.13 h1:p1BBrg/Hhp6uK7zpejeI8QFXHJeC/mynzi04Sl03k9g=
github.com/aws/aws-sdk-go-v2/aws/protocol/eventstream v1.7.13/go.mod h1:8cIfkE9MDhkRZGpQ22aV6/lkYeYSozpz16Smrs5x4Ls=
github.com/aws/aws-sdk-go-v2/config v1.32.24 h1:aEDEj533yGdVvEHfkCY0D/1FbDrjnZr4pIulxRjqpHs=
github.com/aws/aws-sdk-go-v2/config v1.32.24/go.mod h1:yZtrGKJGlqfEW+/m2uTsJK+Jz7xF5R0eZfgcIG9m1ss=
github.com/aws/aws-sdk-go-v2/credentials v1.19.23 h1:Zhu3GOpRCkNjtE/gJpuPDsytSnaCCTQk8neAGsgzG5Y=
github.com/aws/aws-sdk-go-v2/credentials v1.19.23/go.mod h1:VsJF2ropPB37gDr7M2rLSpCE8IQWdpl62uae7qxZmqU=
github.com/aws/aws-sdk-go-v2/feature/ec2/imds v1.18.29 h1:r6qZHbT+wxgWO/e9vYNUEtg7lv5+UN3pRqKhLXvnArg=
github.com/aws/aws-sdk-go-v2/feature/ec2/imds v1.18.29/go.mod h1:QRnaRcTVGKPGRy8w78HMQtKUGRYcnMZAANATkeVA6Mo=
github.com/aws/aws-sdk-go-v2/internal/configsources v1.4.29 h1:f3vKqSo13fhTYb+JEcXwXefZQE26I1FB5eTSniU67ko=
github.com/aws/aws-sdk-go-v2/internal/configsources v1.4.29/go.mod h1:MzoLFUArKGpGD+ukmPiTPG1X5x4o6M2kq4v2dr1FiEc=
github.com/aws/aws-sdk-go-v2/internal/endpoints/v2 v2.7.29 h1:RdwIf/CuUsvJX3RgJagbOyotl/cxoLY4xviKuE7p2GY=
github.com/aws/aws-sdk-go-v2/internal/endpoints/v2 v2.7.29/go.mod h1:71wt8W2EgswdZy9Mf9KNnzxZ3TiZlv4caKghPktDOkA=
github.com/aws/aws-sdk-go-v2/internal/v4a v1.4.30 h1:VTGy885W5DKBxWRUJbym9hytNaYzsyaPkCHGRRMAOhU=
github.com/aws/aws-sdk-go-v2/internal/v4a v1.4.30/go.mod h1:AS0HycUvJRFvTt613AYDOgO2jzw+00cVSMny8XB3yMY=
github.com/aws/aws-sdk-go-v2/service/internal/accept-encoding v1.13.12 h1:ZD2+BSw9vFsNlKYIasSNt3uDbjqqXIBcM13UJv/Lx2k=
github.com/aws/aws-sdk-go-v2/service/internal/accept-encoding v1.13.12/go.mod h1:Ms4zlcVBbXbiP7EVLhl+lgjvA/a7YphqQ3Ih3174EmI=
github.com/aws/aws-sdk-go-v2/service/internal/checksum v1.9.22 h1:V51LGlOq/1VsDsHUdoklAQi7rMmx4qQubvFYAlP2254=
github.com/aws/aws-sdk-go-v2/service/internal/checksum v1.9.22/go.mod h1:4Pzhyz8hJOm2bepgl+NjvRx8vlUFAIIvJnZ/MkcNPpU=
github.com/aws/aws-sdk-go-v2/service/internal/presigned-url v1.13.29 h1:DRebniUGZ2MqiiIVmQJ04vIXr918hubdHMnarSLEWyU=
github.com/aws/aws-sdk-go-v2/service/internal/presigned-url v1.13.29/go.mod h1:LfRkPCD8YHDM2E5eTkos2UpwYeZnBcVarTa8L59bJHA=
github.com/aws/aws-sdk-go-v2/service/internal/s3shared v1.19.29 h1:hiME6pBzC7OTl9LMtlyTWBuEl1f4QBcUmFDKC7MLXtc=
github.com/aws/aws-sdk-go-v2/service/internal/s3shared v1.19.29/go.mod h1:G7RP+uhagpKtKhd1BM9N6JQqjCcGEU47K5lBVZQyRQw=
github.com/aws/aws-sdk-go-v2/service/s3 v1.103.3 h1:JRseEu/vIDMaWis4bSw0QbXL+cvIGc1XnX076H5ZXLE=
github.com/aws/aws-sdk-go-v2/service/s3 v1.103.3/go.mod h1:77ZAgynvx1txMvDG8gGWoWkO1augYDxkp9JElWFgjQU=
github.com/aws/aws-sdk-go-v2/service/signin v1.1.5 h1:6Xt6Ztjkwdia/7EtEaG7ki/qZUYlCcd7tGUotQed1QE=
github.com/aws/aws-sdk-go-v2/service/signin v1.1.5/go.mod h1:LxYujSTLPRlp2vTtcUO/+1ilrew8ytt6SvQyOgejzFQ=
github.com/aws/aws-sdk-go-v2/service/sso v1.31.3 h1:ey1XLTYXb9PcLt4535632o5kCGXNXEhNb620Dqwuylo=
github.com/aws/aws-sdk-go-v2/service/sso v1.31.3/go.mod h1:Lk7PlmoTYryQmyBG0EXqj5BcUbj3whXdU2s3yGI3EAc=
github.com/aws/aws-sdk-go-v2/service/ssooidc v1.36.6 h1:yLr03zQE/5Eu5l3QU0Si+xMbLMbSDF2YXsigqXngs6g=
github.com/aws/aws-sdk-go-v2/service/ssooidc v1.36.6/go.mod h1:Q5N6icH+KJZDLh+ESNwzdv6cZ6vLFF/egy3IOxWhmz4=
github.com/aws/aws-sdk-go-v2/service/sts v1.43.3 h1:VrIhKRCSK1umelSgB9RghvA9RTUYeQffyAS5ApXehNI=
github.com/aws/aws-sdk-go-v2/service/sts v1.43.3/go.mod h1:r8wkDOuLaaMFqFiYAb8dGY2A3gJCOujMc6CFOVC4Zhc=
github.com/aws/smithy-go v1.27.1 h1:4T340VFndXtADGF52gYa1POyL7s9E4Z1OeZ1hCscIw8=
github.com/aws/smithy-go v1.27.1/go.mod h1:YE2RhdIuDbA5E5bTdciG9KrW3+TiEONeUWCqxX9i1Fc=
github.com/bsm/ginkgo/v2 v2.12.0 h1:Ny8MWAHyOepLGlLKYmXG4IEkioBysk6GpaRTLC8zwWs=
github.com/bsm/ginkgo/v2 v2.12.0/go.mod h1:SwYbGRRDovPVboqFv0tPTcG1sN61LM1Z4ARdbAV9g4c=
github.com/bsm/gomega v1.27.10 h1:yeMWxP2pV2fG3FgAODIY8EiRE3dy0aeFYt4l7wh6yKA=
github.com/bsm/gomega v1.27.10/go.mod h1:JyEr/xRbxbtgWNi8tIEVPUYZ5Dzef52k01W3YH0H+O0=
github.com/cespare/xxhash/v2 v2.2.0 h1:DC2CZ1Ep5Y4k3ZQ899DldepgrayRUGE6BBZ/cd9Cj44=
github.com/cespare/xxhash/v2 v2.2.0/go.mod h1:VGX0DQ3Q6kWi7AoAeZDth3/j3BFtOZR5XLFGgcrjCOs=
github.com/coreos/go-systemd/v22 v22.5.0/go.mod h1:Y58oyj3AT4RCenI/lSvhwexgC+NSVTIJ3seZv2GcEnc=
github.com/davecgh/go-spew v1.1.1 h1:vj9j/u1bqnvCEfJOwUhtlOARqs3+rkHYY13jYWTU97c=
github.com/davecgh/go-spew v1.1.1/go.mod h1:J7Y8YcW2NihsgmVo/mv3lAwl/skON4iLHjSsI+c5H38=
github.com/dgryski/go-rendezvous v0.0.0-20200823014737-9f7001d12a5f h1:lO4WD4F/rVNCu3HqELle0jiPLLBs70cWOduZpkS1E78=
github.com/dgryski/go-rendezvous v0.0.0-20200823014737-9f7001d12a5f/go.mod h1:cuUVRXasLTGF7a8hSLbxyZXjz+1KgoB3wDUb6vlszIc=
github.com/dustin/go-humanize v1.0.1 h1:GzkhY7T5VNhEkwH0PVJgjz+fX1rhBrR7pRT3mDkpeCY=
github.com/dustin/go-humanize v1.0.1/go.mod h1:Mu1zIs6XwVuF/gI1OepvI0qD18qycQx+mFykh5fBlto=
github.com/goccy/go-json v0.10.2 h1:CrxCmQqYDkv1z7lO7Wbh2HN93uovUHgrECaO5ZrCXAU=
github.com/goccy/go-json v0.10.2/go.mod h1:6MelG93GURQebXPDq3khkgXZkazVtN9CRI+MGFi0w8I=
github.com/godbus/dbus/v5 v5.0.4/go.mod h1:xhWf0FNVPg57R7Z0UbKHbJfkEywrmjJnf7w5xrFpKfA=
github.com/golang-jwt/jwt/v5 v5.3.1 h1:kYf81DTWFe7t+1VvL7eS+jKFVWaUnK9cB1qbwn63YCY=
github.com/golang-jwt/jwt/v5 v5.3.1/go.mod h1:fxCRLWMO43lRc8nhHWY6LGqRcf+1gQWArsqaEUEa5bE=
github.com/google/go-cmp v0.6.0 h1:ofyhxvXcZhMsU5ulbFiLKl/XBFqE1GSq7atu8tAmTRI=
github.com/google/go-cmp v0.6.0/go.mod h1:17dUlkBOakJ0+DkrSSNjCkIjxS6bF9zb3elmeNGIjoY=
github.com/google/uuid v1.6.0 h1:NIvaJDMOsjHA8n1jAhLSgzrAzy1Hgr+hNrb57e+94F0=
github.com/google/uuid v1.6.0/go.mod h1:TIyPZe4MgqvfeYDBFedMoGGpEw/LqOeaOT+nhxU+yHo=
github.com/joho/godotenv v1.5.1 h1:7eLL/+HRGLY0ldzfGMeQkb7vMd0as4CfYvUVzLqw0N0=
github.com/joho/godotenv v1.5.1/go.mod h1:f4LDr5Voq0i2e/R5DDNOoa2zzDfwtkZa6DnEwAbqwq4=
github.com/klauspost/compress v1.17.6 h1:60eq2E/jlfwQXtvZEeBUYADs+BwKBWURIY+Gj2eRGjI=
github.com/klauspost/compress v1.17.6/go.mod h1:/dCuZOvVtNoHsyb+cuJD3itjs3NbnF6KH9zAO4BDxPM=
github.com/klauspost/cpuid/v2 v2.0.1/go.mod h1:FInQzS24/EEf25PyTYn52gqo7WaD8xa0213Md/qVLRg=
github.com/klauspost/cpuid/v2 v2.2.6 h1:ndNyv040zDGIDh8thGkXYjnFtiN02M1PVVF+JE/48xc=
github.com/klauspost/cpuid/v2 v2.2.6/go.mod h1:Lcz8mBdAVJIBVzewtcLocK12l3Y+JytZYpaMropDUws=
github.com/lib/pq v1.12.3 h1:tTWxr2YLKwIvK90ZXEw8GP7UFHtcbTtty8zsI+YjrfQ=
github.com/lib/pq v1.12.3/go.mod h1:/p+8NSbOcwzAEI7wiMXFlgydTwcgTr3OSKMsD2BitpA=
github.com/mattn/go-colorable v0.1.13 h1:fFA4WZxdEF4tXPZVKMLwD8oUnCTTo08duU7wxecdEvA=
github.com/mattn/go-colorable v0.1.13/go.mod h1:7S9/ev0klgBDR4GtXTXX8a3vIGJpMovkB8vQcUbaXHg=
github.com/mattn/go-isatty v0.0.16/go.mod h1:kYGgaQfpe5nmfYZH+SKPsOc2e4SrIfOl2e/yFXSvRLM=
github.com/mattn/go-isatty v0.0.19 h1:JITubQf0MOLdlGRuRq+jtsDlekdYPia9ZFsB8h/APPA=
github.com/mattn/go-isatty v0.0.19/go.mod h1:W+V8PltTTMOvKvAeJH7IuucS94S2C6jfK/D7dTCTo3Y=
github.com/minio/md5-simd v1.1.2 h1:Gdi1DZK69+ZVMoNHRXJyNcxrMA4dSxoYHZSQbirFg34=
github.com/minio/md5-simd v1.1.2/go.mod h1:MzdKDxYpY2BT9XQFocsiZf/NKVtR7nkE4RoEpN+20RM=
github.com/minio/minio-go/v7 v7.0.70 h1:1u9NtMgfK1U42kUxcsl5v0yj6TEOPR497OAQxpJnn2g=
github.com/minio/minio-go/v7 v7.0.70/go.mod h1:4yBA8v80xGA30cfM3fz0DKYMXunWl/AV/6tWEs9ryzo=
github.com/pierrec/lz4/v4 v4.1.15 h1:MO0/ucJhngq7299dKLwIMtgTfbkoSPF6AoMYDd8Q4q0=
github.com/pierrec/lz4/v4 v4.1.15/go.mod h1:gZWDp/Ze/IJXGXf23ltt2EXimqmTUXEy0GFuRQyBid4=
github.com/pkg/errors v0.9.1/go.mod h1:bwawxfHBFNV+L2hUp1rHADufV3IMtnDRdf1r5NINEl0=
github.com/pmezard/go-difflib v1.0.0 h1:4DBwDE0NGyQoBHbLQYPwSUPoCMWR5BEzIk/f1lZbAQM=
github.com/pmezard/go-difflib v1.0.0/go.mod h1:iKH77koFhYxTK1pcRnkKkqfTogsbg7gZNVY4sRDYZ/4=
github.com/redis/go-redis/v9 v9.5.3 h1:fOAp1/uJG+ZtcITgZOfYFmTKPE7n4Vclj1wZFgRciUU=
github.com/redis/go-redis/v9 v9.5.3/go.mod h1:hdY0cQFCN4fnSYT6TkisLufl/4W5UIXyv0b/CLO2V2M=
github.com/rs/xid v1.5.0 h1:mKX4bl4iPYJtEIxp6CYiUuLQ/8DYMoz0PUdtGgMFRVc=
github.com/rs/xid v1.5.0/go.mod h1:trrq9SKmegXys3aeAKXMUTdJsYXVwGY3RLcfgqegfbg=
github.com/rs/zerolog v1.33.0 h1:1cU2KZkvPxNyfgEmhHAz/1A9Bz+llsdYzklWFzgp0r8=
github.com/rs/zerolog v1.33.0/go.mod h1:/7mN4D5sKwJLZQ2b/znpjC3/GQWY/xaDXUM0kKWRHss=
github.com/segmentio/kafka-go v0.4.51 h1:JgDPPG75tC1rWIS2Me6MwcvXJ6f49UQ4HjAOef71Hno=
github.com/segmentio/kafka-go v0.4.51/go.mod h1:Y1gn60kzLEEaW28YshXyk2+VCUKbJ3Qr6DrnT3i4+9E=
github.com/stretchr/testify v1.8.0 h1:pSgiaMZlXftHpm5L7V1+rVB+AZJydKsMxsQBIJw4PKk=
github.com/stretchr/testify v1.8.0/go.mod h1:yNjHg4UonilssWZ8iaSj1OCr/vHnekPRkoO+kdMU+MU=
github.com/xdg-go/pbkdf2 v1.0.0 h1:Su7DPu48wXMwC3bs7MCNG+z4FhcyEuz5dlvchbq0B0c=
github.com/xdg-go/pbkdf2 v1.0.0/go.mod h1:jrpuAogTd400dnrH08LKmI/xc1MbPOebTwRqcT5RDeI=
github.com/xdg-go/scram v1.2.0 h1:bYKF2AEwG5rqd1BumT4gAnvwU/M9nBp2pTSxeZw7Wvs=
github.com/xdg-go/scram v1.2.0/go.mod h1:3dlrS0iBaWKYVt2ZfA4cj48umJZ+cAEbR6/SjLA88I8=
github.com/xdg-go/stringprep v1.0.4 h1:XLI/Ng3O1Atzq0oBs3TWm+5ZVgkq2aqdlvP9JtoZ6c8=
github.com/xdg-go/stringprep v1.0.4/go.mod h1:mPGuuIYwz7CmR2bT9j4GbQqutWS1zV24gijq1dTyGkM=
github.com/youmark/pkcs8 v0.0.0-20240726163527-a2c0da244d78 h1:ilQV1hzziu+LLM3zUTJ0trRztfwgjqKnBWNtSRkbmwM=
github.com/youmark/pkcs8 v0.0.0-20240726163527-a2c0da244d78/go.mod h1:aL8wCCfTfSfmXjznFBSZNN13rSJjlIOI1fUNAtF7rmI=
github.com/yuin/goldmark v1.4.13/go.mod h1:6yULJ656Px+3vBD8DxQVa3kxgyrAnzto9xy5taEt/CY=
go.mongodb.org/mongo-driver/v2 v2.6.0 h1:b9sJOYrkmt4l8bY43ZenFBcPlhYIjaOfYHLtbB/5qi8=
go.mongodb.org/mongo-driver/v2 v2.6.0/go.mod h1:yOI9kBsufol30iFsl1slpdq1I0eHPzybRWdyYUs8K/0=
golang.org/x/crypto v0.0.0-20190308221718-c2843e01d9a2/go.mod h1:djNgcEr1/C05ACkg1iLfiJU5Ep61QUkGW8qpdssI0+w=
golang.org/x/crypto v0.0.0-20210921155107-089bfa567519/go.mod h1:GvvjBRRGRdwPK5ydBHafDWAxML/pGHZbMvKqRZ5+Abc=
golang.org/x/crypto v0.36.0 h1:AnAEvhDddvBdpY+uR+MyHmuZzzNqXSe/GvuDeob5L34=
golang.org/x/crypto v0.36.0/go.mod h1:Y4J0ReaxCR1IMaabaSMugxJES1EpwhBHhv2bDHklZvc=
golang.org/x/mod v0.6.0-dev.0.20220419223038-86c51ed26bb4/go.mod h1:jJ57K6gSWd91VN4djpZkiMVwK6gcyfeH4XE8wZrZaV4=
golang.org/x/net v0.0.0-20190620200207-3b0461eec859/go.mod h1:z5CRVTTTmAJ677TzLLGU+0bjPO0LkuOLi4/5GtJWs/s=
golang.org/x/net v0.0.0-20210226172049-e18ecbb05110/go.mod h1:m0MpNAwzfU5UDzcl9v0D8zg8gWTRqZa9RBIspLL5mdg=
golang.org/x/net v0.0.0-20220722155237-a158d28d115b/go.mod h1:XRhObCWvk6IyKnWLug+ECip1KBveYUHfp+8e9klMJ9c=
golang.org/x/net v0.38.0 h1:vRMAPTMaeGqVhG5QyLJHqNDwecKTomGeqbnfZyKlBI8=
golang.org/x/net v0.38.0/go.mod h1:ivrbrMbzFq5J41QOQh0siUuly180yBYtLp+CKbEaFx8=
golang.org/x/sync v0.0.0-20190423024810-112230192c58/go.mod h1:RxMgew5VJxzue5/jJTE5uejpjVlOe/izrB70Jof72aM=
golang.org/x/sync v0.0.0-20220722155255-886fb9371eb4/go.mod h1:RxMgew5VJxzue5/jJTE5uejpjVlOe/izrB70Jof72aM=
golang.org/x/sync v0.12.0 h1:MHc5BpPuC30uJk597Ri8TV3CNZcTLu6B6z4lJy+g6Jw=
golang.org/x/sync v0.12.0/go.mod h1:1dzgHSNfp02xaA81J2MS99Qcpr2w7fw1gpm99rleRqA=
golang.org/x/sys v0.0.0-20190215142949-d0b11bdaac8a/go.mod h1:STP8DvDyc/dI5b8T5hshtkjS+E42TnysNCUPdjciGhY=
golang.org/x/sys v0.0.0-20201119102817-f84b799fce68/go.mod h1:h1NjWce9XRLGQEsW7wpKNCjG9DtNlClVuFLEZdDNbEs=
golang.org/x/sys v0.0.0-20210615035016-665e8c7367d1/go.mod h1:oPkhp1MJrh7nUepCBck5+mAzfO9JrbApNNgaTdGDITg=
golang.org/x/sys v0.0.0-20220520151302-bc2c85ada10a/go.mod h1:oPkhp1MJrh7nUepCBck5+mAzfO9JrbApNNgaTdGDITg=
golang.org/x/sys v0.0.0-20220722155257-8c9f86f7a55f/go.mod h1:oPkhp1MJrh7nUepCBck5+mAzfO9JrbApNNgaTdGDITg=
golang.org/x/sys v0.0.0-20220811171246-fbc7d0a398ab/go.mod h1:oPkhp1MJrh7nUepCBck5+mAzfO9JrbApNNgaTdGDITg=
golang.org/x/sys v0.5.0/go.mod h1:oPkhp1MJrh7nUepCBck5+mAzfO9JrbApNNgaTdGDITg=
golang.org/x/sys v0.6.0/go.mod h1:oPkhp1MJrh7nUepCBck5+mAzfO9JrbApNNgaTdGDITg=
golang.org/x/sys v0.12.0/go.mod h1:oPkhp1MJrh7nUepCBck5+mAzfO9JrbApNNgaTdGDITg=
golang.org/x/sys v0.31.0 h1:ioabZlmFYtWhL+TRYpcnNlLwhyxaM9kWTDEmfnprqik=
golang.org/x/sys v0.31.0/go.mod h1:BJP2sWEmIv4KK5OTEluFJCKSidICx8ciO85XgH3Ak8k=
golang.org/x/term v0.0.0-20201126162022-7de9c90e9dd1/go.mod h1:bj7SfCRtBDWHUb9snDiAeCFNEtKQo2Wmx5Cou7ajbmo=
golang.org/x/term v0.0.0-20210927222741-03fcf44c2211/go.mod h1:jbD1KX2456YbFQfuXm/mYQcufACuNUgVhRMnK/tPxf8=
golang.org/x/text v0.3.0/go.mod h1:NqM8EUOU14njkJ3fqMW+pc6Ldnwhi/IjpwHt7yyuwOQ=
golang.org/x/text v0.3.3/go.mod h1:5Zoc/QRtKVWzQhOtBMvqHzDpF6irO9z98xDceosuGiQ=
golang.org/x/text v0.3.7/go.mod h1:u+2+/6zg+i71rQMx5EYifcz6MCKuco9NR6JIITiCfzQ=
golang.org/x/text v0.3.8/go.mod h1:E6s5w1FMmriuDzIBO73fBruAKo1PCIq6d2Q6DHfQ8WQ=
golang.org/x/text v0.23.0 h1:D71I7dUrlY+VX0gQShAThNGHFxZ13dGLBHQLVl1mJlY=
golang.org/x/text v0.23.0/go.mod h1:/BLNzu4aZCJ1+kcD0DNRotWKage4q2rGVAg4o22unh4=
golang.org/x/tools v0.0.0-20180917221912-90fa682c2a6e/go.mod h1:n7NCudcB/nEzxVGmLbDWY5pfWTLqBcC2KZ6jyYvM4mQ=
golang.org/x/tools v0.0.0-20191119224855-298f0cb1881e/go.mod h1:b+2E5dAYhXwXZwtnZ6UAqBI28+e2cm9otk0dWdXHAEo=
golang.org/x/tools v0.1.12/go.mod h1:hNGJHUnrk76NpqgfD5Aqm5Crs+Hm0VOH/i9J2+nxYbc=
golang.org/x/xerrors v0.0.0-20190717185122-a985d3407aa7/go.mod h1:I/5z698sn9Ka8TeJc9MKroUUfqBBauWjQqLJ2OPfmY0=
google.golang.org/genproto/googleapis/rpc v0.0.0-20240318140521-94a12d6c2237 h1:NnYq6UN9ReLM9/Y01KWNOWyI5xQ9kbIms5GGJVwS/Yc=
google.golang.org/genproto/googleapis/rpc v0.0.0-20240318140521-94a12d6c2237/go.mod h1:WtryC6hu0hhx87FDGxWCDptyssuo68sk10vYjF+T9fY=
google.golang.org/grpc v1.64.0 h1:KH3VH9y/MgNQg1dE7b3XfVK0GsPSIzJwdF617gUSbvY=
google.golang.org/grpc v1.64.0/go.mod h1:oxjF8E3FBnjp+/gVFYdWacaLDx9na1aqy9oovLpxQYg=
google.golang.org/protobuf v1.34.1 h1:9ddQBjfCyZPOHPUiPxpYESBLc+T8P3E+Vo4IbKZgFWg=
google.golang.org/protobuf v1.34.1/go.mod h1:c6P6GXX6sHbq/GpV6MGZEdwhWPcYBgnhAHhKbcUYpos=
gopkg.in/check.v1 v0.0.0-20161208181325-20d25e280405 h1:yhCVgyC4o1eVCa2tZl7eS0r+SDo693bJlVdllGtEeKM=
gopkg.in/check.v1 v0.0.0-20161208181325-20d25e280405/go.mod h1:Co6ibVJAznAaIkqp8huTwlJQCZ016jof/cbN4VW5Yz0=
gopkg.in/ini.v1 v1.67.0 h1:Dgnx+6+nfE+IfzjUEISNeydPJh9AXNNsWbGP9KzCsOA=
gopkg.in/ini.v1 v1.67.0/go.mod h1:pNLf8WUiyNEtQjuu5G5vTm06TEv9tsIgeAvK8hOrP4k=
gopkg.in/yaml.v3 v3.0.1 h1:fxVm/GzAzEWqLHuvctI91KS9hhNmmWOoWu0XTYJS7CA=
gopkg.in/yaml.v3 v3.0.1/go.mod h1:K4uyk7z7BCEPqu6E+C64Yfv1cQ7kz7rIZviUmN+EgEM=
